// !$*UTF8*$!
{
	archiveVersion = 1;
	classes = {
	};
	objectVersion = 46;
	objects = {

/* Begin PBXBuildFile section */
		50C9FE381D967FFE00B053A5 /* AppDelegate.swift in Sources */ = {isa = PBXBuildFile; fileRef = 50C9FE371D967FFE00B053A5 /* AppDelegate.swift */; };
		50C9FE3A1D967FFE00B053A5 /* ViewController.swift in Sources */ = {isa = PBXBuildFile; fileRef = 50C9FE391D967FFE00B053A5 /* ViewController.swift */; };
		50C9FE3D1D967FFE00B053A5 /* Main.storyboard in Resources */ = {isa = PBXBuildFile; fileRef = 50C9FE3B1D967FFE00B053A5 /* Main.storyboard */; };
		50C9FE3F1D967FFE00B053A5 /* Assets.xcassets in Resources */ = {isa = PBXBuildFile; fileRef = 50C9FE3E1D967FFE00B053A5 /* Assets.xcassets */; };
		50C9FE421D967FFE00B053A5 /* LaunchScreen.storyboard in Resources */ = {isa = PBXBuildFile; fileRef = 50C9FE401D967FFE00B053A5 /* LaunchScreen.storyboard */; };
/* End PBXBuildFile section */

/* Begin PBXFileReference section */
		50C9FE341D967FFE00B053A5 /* navigationExample.app */ = {isa = PBXFileReference; explicitFileType = wrapper.application; includeInIndex = 0; path = navigationExample.app; sourceTree = BUILT_PRODUCTS_DIR; };
		50C9FE371D967FFE00B053A5 /* AppDelegate.swift */ = {isa = PBXFileReference; lastKnownFileType = sourcecode.swift; path = AppDelegate.swift; sourceTree = "<group>"; };
		50C9FE391D967FFE00B053A5 /* ViewController.swift */ = {isa = PBXFileReference; lastKnownFileType = sourcecode.swift; path = ViewController.swift; sourceTree = "<group>"; };
		50C9FE3C1D967FFE00B053A5 /* Base */ = {isa = PBXFileReference; lastKnownFileType = file.storyboard; name = Base; path = Base.lproj/Main.storyboard; sourceTree = "<group>"; };
		50C9FE3E1D967FFE00B053A5 /* Assets.xcassets */ = {isa = PBXFileReference; lastKnownFileType = folder.assetcatalog; path = Assets.xcassets; sourceTree = "<group>"; };
		50C9FE411D967FFE00B053A5 /* Base */ = {isa = PBXFileReference; lastKnownFileType = file.storyboard; name = Base; path = Base.lproj/LaunchScreen.storyboard; sourceTree = "<group>"; };
		50C9FE431D967FFE00B053A5 /* Info.plist */ = {isa = PBXFileReference; lastKnownFileType = text.plist.xml; path = Info.plist; sourceTree = "<group>"; };
/* End PBXFileReference section */

/* Begin PBXFrameworksBuildPhase section */
		50C9FE311D967FFD00B053A5 /* Frameworks */ = {
			isa = PBXFrameworksBuildPhase;
			buildActionMask = 2147483647;
			files = (
			);
			runOnlyForDeploymentPostprocessing = 0;
		};
/* End PBXFrameworksBuildPhase section */

/* Begin PBXGroup section */
		50C9FE2B1D967FFD00B053A5 = {
			isa = PBXGroup;
			children = (
				50C9FE361D967FFE00B053A5 /* navigationExample */,
				50C9FE351D967FFE00B053A5 /* Products */,
			);
			sourceTree = "<group>";
		};
		50C9FE351D967FFE00B053A5 /* Products */ = {
			isa = PBXGroup;
			children = (
				50C9FE341D967FFE00B053A5 /* navigationExample.app */,
			);
			name = Products;
			sourceTree = "<group>";
		};
		50C9FE361D967FFE00B053A5 /* navigationExample */ = {
			isa = PBXGroup;
			children = (
				50C9FE371D967FFE00B053A5 /* AppDelegate.swift */,
				50C9FE391D967FFE00B053A5 /* ViewController.swift */,
				50C9FE3B1D967FFE00B053A5 /* Main.storyboard */,
				50C9FE3E1D967FFE00B053A5 /* Assets.xcassets */,
				50C9FE401D967FFE00B053A5 /* LaunchScreen.storyboard */,
				50C9FE431D967FFE00B053A5 /* Info.plist */,
			);
			path = navigationExample;
			sourceTree = "<group>";
		};
/* End PBXGroup section */

/* Begin PBXNativeTarget section */
		50C9FE331D967FFD00B053A5 /* navigationExample */ = {
			isa = PBXNativeTarget;
			buildConfigurationList = 50C9FE461D967FFE00B053A5 /* Build configuration list for PBXNativeTarget "navigationExample" */;
			buildPhases = (
				50C9FE301D967FFD00B053A5 /* Sources */,
				50C9FE311D967FFD00B053A5 /* Frameworks */,
				50C9FE321D967FFD00B053A5 /* Resources */,
			);
			buildRules = (
			);
			dependencies = (
			);
			name = navigationExample;
			productName = navigationExample;
			productReference = 50C9FE341D967FFE00B053A5 /* navigationExample.app */;
			productType = "com.apple.product-type.application";
		};
/* End PBXNativeTarget section */

/* Begin PBXProject section */
		50C9FE2C1D967FFD00B053A5 /* Project object */ = {
			isa = PBXProject;
			attributes = {
				LastSwiftUpdateCheck = 0730;
				LastUpgradeCheck = 0730;
				ORGANIZATIONNAME = Infraestructura;
				TargetAttributes = {
					50C9FE331D967FFD00B053A5 = {
						CreatedOnToolsVersion = 7.3.1;
					};
				};
			};
			buildConfigurationList = 50C9FE2F1D967FFD00B053A5 /* Build configuration list for PBXProject "navigationExample" */;
			compatibilityVersion = "Xcode 3.2";
			developmentRegion = English;
			hasScannedForEncodings = 0;
			knownRegions = (
				en,
				Base,
			);
			mainGroup = 50C9FE2B1D967FFD00B053A5;
			productRefGroup = 50C9FE351D967FFE00B053A5 /* Products */;
			projectDirPath = "";
			projectRoot = "";
			targets = (
				50C9FE331D967FFD00B053A5 /* navigationExample */,
			);
		};
/* End PBXProject section */

/* Begin PBXResourcesBuildPhase section */
		50C9FE321D967FFD00B053A5 /* Resources */ = {
			isa = PBXResourcesBuildPhase;
			buildActionMask = 2147483647;
			files = (
				50C9FE421D967FFE00B053A5 /* LaunchScreen.storyboard in Resources */,
				50C9FE3F1D967FFE00B053A5 /* Assets.xcassets in Resources */,
				50C9FE3D1D967FFE00B053A5 /* Main.storyboard in Resources */,
			);
			runOnlyForDeploymentPostprocessing = 0;
		};
/* End PBXResourcesBuildPhase section */

/* Begin PBXSourcesBuildPhase section */
		50C9FE301D967FFD00B053A5 /* Sources */ = {
			isa = PBXSourcesBuildPhase;
			buildActionMask = 2147483647;
			files = (
				50C9FE3A1D967FFE00B053A5 /* ViewController.swift in Sources */,
				50C9FE381D967FFE00B053A5 /* AppDelegate.swift in Sources */,
			);
			runOnlyForDeploymentPostprocessing = 0;
		};
/* End PBXSourcesBuildPhase section */

/* Begin PBXVariantGroup section */
		50C9FE3B1D967FFE00B053A5 /* Main.storyboard */ = {
			isa = PBXVariantGroup;
			children = (
				50C9FE3C1D967FFE00B053A5 /* Base */,
			);
			name = Main.storyboard;
			sourceTree = "<group>";
		};
		50C9FE401D967FFE00B053A5 /* LaunchScreen.storyboard */ = {
			isa = PBXVariantGroup;
			children = (
				50C9FE411D967FFE00B053A5 /* Base */,
			);
			name = LaunchScreen.storyboard;
			sourceTree = "<group>";
		};
/* End PBXVariantGroup section */

/* Begin XCBuildConfiguration section */
		50C9FE441D967FFE00B053A5 /* Debug */ = {
			isa = XCBuildConfiguration;
			buildSettings = {
				ALWAYS_SEARCH_USER_PATHS = NO;
				CLANG_ANALYZER_NONNULL = YES;
				CLANG_CXX_LANGUAGE_STANDARD = "gnu++0x";
				CLANG_CXX_LIBRARY = "libc++";
				CLANG_ENABLE_MODULES = YES;
				CLANG_ENABLE_OBJC_ARC = YES;
				CLANG_WARN_BOOL_CONVERSION = YES;
				CLANG_WARN_CONSTANT_CONVERSION = YES;
				CLANG_WARN_DIRECT_OBJC_ISA_USAGE = YES_ERROR;
				CLANG_WARN_EMPTY_BODY = YES;
				CLANG_WARN_ENUM_CONVERSION = YES;
				CLANG_WARN_INT_CONVERSION = YES;
				CLANG_WARN_OBJC_ROOT_CLASS = YES_ERROR;
				CLANG_WARN_UNREACHABLE_CODE = YES;
				CLANG_WARN__DUPLICATE_METHOD_MATCH = YES;
				"CODE_SIGN_IDENTITY[sdk=iphoneos*]" = "iPhone Developer";
				COPY_PHASE_STRIP = NO;
				DEBUG_INFORMATION_FORMAT = dwarf;
				ENABLE_STRICT_OBJC_MSGSEND = YES;
				ENABLE_TESTABILITY = YES;
				GCC_C_LANGUAGE_STANDARD = gnu99;
				GCC_DYNAMIC_NO_PIC = NO;
				GCC_NO_COMMON_BLOCKS = YES;
				GCC_OPTIMIZATION_LEVEL = 0;
				GCC_PREPROCESSOR_DEFINITIONS = (
					"DEBUG=1",
					"$(inherited)",
				);
				GCC_WARN_64_TO_32_BIT_CONVERSION = YES;
				GCC_WARN_ABOUT_RETURN_TYPE = YES_ERROR;
				GCC_WARN_UNDECLARED_SELECTOR = YES;
				GCC_WARN_UNINITIALIZED_AUTOS = YES_AGGRESSIVE;
				GCC_WARN_UNUSED_FUNCTION = YES;
				GCC_WARN_UNUSED_VARIABLE = YES;
				IPHONEOS_DEPLOYMENT_TARGET = 9.3;
				MTL_ENABLE_DEBUG_INFO = YES;
				ONLY_ACTIVE_ARCH = YES;
				SDKROOT = iphoneos;
				SWIFT_OPTIMIZATION_LEVEL = "-Onone";
				TARGETED_DEVICE_FAMILY = "1,2";
			};
			name = Debug;
		};
		50C9FE451D967FFE00B053A5 /* Release */ = {
			isa = XCBuildConfiguration;
			buildSettings = {
				ALWAYS_SEARCH_USER_PATHS = NO;
				CLANG_ANALYZER_NONNULL = YES;
				CLANG_CXX_LANGUAGE_STANDARD = "gnu++0x";
				CLANG_CXX_LIBRARY = "libc++";
				CLANG_ENABLE_MODULES = YES;
				CLANG_ENABLE_OBJC_ARC = YES;
				CLANG_WARN_BOOL_CONVERSION = YES;
				CLANG_WARN_CONSTANT_CONVERSION = YES;
				CLANG_WARN_DIRECT_OBJC_ISA_USAGE = YES_ERROR;
				CLANG_WARN_EMPTY_BODY = YES;
				CLANG_WARN_ENUM_CONVERSION = YES;
				CLANG_WARN_INT_CONVERSION = YES;
				CLANG_WARN_OBJC_ROOT_CLASS = YES_ERROR;
				CLANG_WARN_UNREACHABLE_CODE = YES;
				CLANG_WARN__DUPLICATE_METHOD_MATCH = YES;
				"CODE_SIGN_IDENTITY[sdk=iphoneos*]" = "iPhone Developer";
				COPY_PHASE_STRIP = NO;
				DEBUG_INFORMATION_FORMAT = "dwarf-with-dsym";
				ENABLE_NS_ASSERTIONS = NO;
				ENABLE_STRICT_OBJC_MSGSEND = YES;
				GCC_C_LANGUAGE_STANDARD = gnu99;
				GCC_NO_COMMON_BLOCKS = YES;
				GCC_WARN_64_TO_32_BIT_CONVERSION = YES;
				GCC_WARN_ABOUT_RETURN_TYPE = YES_ERROR;
				GCC_WARN_UNDECLARED_SELECTOR = YES;
				GCC_WARN_UNINITIALIZED_AUTOS = YES_AGGRESSIVE;
				GCC_WARN_UNUSED_FUNCTION = YES;
				GCC_WARN_UNUSED_VARIABLE = YES;
				IPHONEOS_DEPLOYMENT_TARGET = 9.3;
				MTL_ENABLE_DEBUG_INFO = NO;
				SDKROOT = iphoneos;
				TARGETED_DEVICE_FAMILY = "1,2";
				VALIDATE_PRODUCT = YES;
			};
			name = Release;
		};
		50C9FE471D967FFE00B053A5 /* Debug */ = {
			isa = XCBuildConfiguration;
			buildSettings = {
				ASSETCATALOG_COMPILER_APPICON_NAME = AppIcon;
				INFOPLIST_FILE = navigationExample/Info.plist;
				LD_RUNPATH_SEARCH_PATHS = "$(inherited) @executable_path/Frameworks";
				PRODUCT_BUNDLE_IDENTIFIER = com.ivajotha.navigationExample;
				PRODUCT_NAME = "$(TARGET_NAME)";
			};
			name = Debug;
		};
		50C9FE481D967FFE00B053A5 /* Release */ = {
			isa = XCBuildConfiguration;
			buildSettings = {
				ASSETCATALOG_COMPILER_APPICON_NAME = AppIcon;
				INFOPLIST_FILE = navigationExample/Info.plist;
				LD_RUNPATH_SEARCH_PATHS = "$(inherited) @executable_path/Frameworks";
				PRODUCT_BUNDLE_IDENTIFIER = com.ivajotha.navigationExample;
				PRODUCT_NAME = "$(TARGET_NAME)";
			};
			name = Release;
		};
/* End XCBuildConfiguration section */

/* Begin XCConfigurationList section */
		50C9FE2F1D967FFD00B053A5 /* Build configuration list for PBXProject "navigationExample" */ = {
			isa = XCConfigurationList;
			buildConfigurations = (
				50C9FE441D967FFE00B053A5 /* Debug */,
				50C9FE451D967FFE00B053A5 /* Release */,
			);
			defaultConfigurationIsVisible = 0;
			defaultConfigurationName = Release;
		};
		50C9FE461D967FFE00B053A5 /* Build configuration list for PBXNativeTarget "navigationExample" */ = {
			isa = XCConfigurationList;
			buildConfigurations = (
				50C9FE471D967FFE00B053A5 /* Debug */,
				50C9FE481D967FFE00B053A5 /* Release */,
			);
			defaultConfigurationIsVisible = 0;
		};
/* End XCConfigurationList section */
	};
	rootObject = 50C9FE2C1D967FFD00B053A5 /* Project object */;
}
